
Microsoft Visual Studio Solution File, Format Version 12.00
# Visual Studio 2012
Project("{FAE04EC0-301F-11D3-BF4B-00C04F79EFBC}") = "IHI Plugin Template", "IHI Plugin Template\IHI Plugin Template.csproj", "{8200660C-F4E2-472D-A2D3-8B9F110D53AC}"
EndProject
Project("{FAE04EC0-301F-11D3-BF4B-00C04F79EFBC}") = "IHI Plugin Extension", "IHI Plugin Extension\IHI Plugin Extension.csproj", "{044A0B48-1D1B-46FD-A79E-1706E8A375B3}"
EndProject
Global
	GlobalSection(SolutionConfigurationPlatforms) = preSolution
		Debug|Any CPU = Debug|Any CPU
		Release|Any CPU = Release|Any CPU
	EndGlobalSection
	GlobalSection(ProjectConfigurationPlatforms) = postSolution
		{8200660C-F4E2-472D-A2D3-8B9F110D53AC}.Debug|Any CPU.ActiveCfg = Debug|Any CPU
		{8200660C-F4E2-472D-A2D3-8B9F110D53AC}.Debug|Any CPU.Build.0 = Debug|Any CPU
		{8200660C-F4E2-472D-A2D3-8B9F110D53AC}.Release|Any CPU.ActiveCfg = Release|Any CPU
		{8200660C-F4E2-472D-A2D3-8B9F110D53AC}.Release|Any CPU.Build.0 = Release|Any CPU
		{044A0B48-1D1B-46FD-A79E-1706E8A375B3}.Debug|Any CPU.ActiveCfg = Debug|Any CPU
		{044A0B48-1D1B-46FD-A79E-1706E8A375B3}.Debug|Any CPU.Build.0 = Debug|Any CPU
		{044A0B48-1D1B-46FD-A79E-1706E8A375B3}.Release|Any CPU.ActiveCfg = Release|Any CPU
		{044A0B48-1D1B-46FD-A79E-1706E8A375B3}.Release|Any CPU.Build.0 = Release|Any CPU
	EndGlobalSection
	GlobalSection(SolutionProperties) = preSolution
		HideSolutionNode = FALSE
	EndGlobalSection
EndGlobal
